
Microsoft Visual Studio Solution File, Format Version 12.00
# Visual Studio Version 17
VisualStudioVersion = 17.13.35806.99
MinimumVisualStudioVersion = 10.0.40219.1
Project("{FAE04EC0-301F-11D3-BF4B-00C04F79EFBC}") = "WebApplication2", "WebApplication2\WebApplication2.csproj", "{C50509B1-869D-4C2B-80B2-BD987CBF664D}"
EndProject
Global
	GlobalSection(SolutionConfigurationPlatforms) = preSolution
		Debug|Any CPU = Debug|Any CPU
		Release|Any CPU = Release|Any CPU
	EndGlobalSection
	GlobalSection(ProjectConfigurationPlatforms) = postSolution
		{C50509B1-869D-4C2B-80B2-BD987CBF664D}.Debug|Any CPU.ActiveCfg = Debug|Any CPU
		{C50509B1-869D-4C2B-80B2-BD987CBF664D}.Debug|Any CPU.Build.0 = Debug|Any CPU
		{C50509B1-869D-4C2B-80B2-BD987CBF664D}.Release|Any CPU.ActiveCfg = Release|Any CPU
		{C50509B1-869D-4C2B-80B2-BD987CBF664D}.Release|Any CPU.Build.0 = Release|Any CPU
	EndGlobalSection
	GlobalSection(SolutionProperties) = preSolution
		HideSolutionNode = FALSE
	EndGlobalSection
	GlobalSection(ExtensibilityGlobals) = postSolution
		SolutionGuid = {78CF16BC-7B6E-434B-B1C9-B59F0591AC81}
	EndGlobalSection
EndGlobal
